
Microsoft Visual Studio Solution File, Format Version 12.00
# Visual Studio Version 17
VisualStudioVersion = 17.0.32002.185
MinimumVisualStudioVersion = 10.0.40219.1
Project("{9A19103F-16F7-4668-BE54-9A1E7A4F7556}") = "MovieCatalogBackend", "MovieCatalogBackend.csproj", "{E45CAFAC-36F8-424B-94C2-85996B0C38E1}"
EndProject
Project("{FAE04EC0-301F-11D3-BF4B-00C04F79EFBC}") = "DatabaseFiller", "DatabaseFiller\DatabaseFiller.csproj", "{9FC020AC-C45E-47D0-8889-F7A6A61FAFE9}"
EndProject
Global
	GlobalSection(SolutionConfigurationPlatforms) = preSolution
		Debug|Any CPU = Debug|Any CPU
		Release|Any CPU = Release|Any CPU
	EndGlobalSection
	GlobalSection(ProjectConfigurationPlatforms) = postSolution
		{E45CAFAC-36F8-424B-94C2-85996B0C38E1}.Debug|Any CPU.ActiveCfg = Debug|Any CPU
		{E45CAFAC-36F8-424B-94C2-85996B0C38E1}.Debug|Any CPU.Build.0 = Debug|Any CPU
		{E45CAFAC-36F8-424B-94C2-85996B0C38E1}.Release|Any CPU.ActiveCfg = Release|Any CPU
		{E45CAFAC-36F8-424B-94C2-85996B0C38E1}.Release|Any CPU.Build.0 = Release|Any CPU
		{4E30F6B1-624F-4DA1-B6EB-9DA139A0C44E}.Debug|Any CPU.ActiveCfg = Debug|Any CPU
		{4E30F6B1-624F-4DA1-B6EB-9DA139A0C44E}.Release|Any CPU.ActiveCfg = Release|Any CPU
		{4E30F6B1-624F-4DA1-B6EB-9DA139A0C44E}.Release|Any CPU.Build.0 = Release|Any CPU
		{9FC020AC-C45E-47D0-8889-F7A6A61FAFE9}.Debug|Any CPU.ActiveCfg = Debug|Any CPU
		{9FC020AC-C45E-47D0-8889-F7A6A61FAFE9}.Debug|Any CPU.Build.0 = Debug|Any CPU
		{9FC020AC-C45E-47D0-8889-F7A6A61FAFE9}.Release|Any CPU.ActiveCfg = Release|Any CPU
		{9FC020AC-C45E-47D0-8889-F7A6A61FAFE9}.Release|Any CPU.Build.0 = Release|Any CPU
	EndGlobalSection
	GlobalSection(SolutionProperties) = preSolution
		HideSolutionNode = FALSE
	EndGlobalSection
	GlobalSection(ExtensibilityGlobals) = postSolution
		SolutionGuid = {24793AE7-7DD3-424E-931F-A6A6E78B4462}
	EndGlobalSection
EndGlobal
